
Microsoft Visual Studio Solution File, Format Version 12.00
# Visual Studio Version 17
VisualStudioVersion = 17.4.33213.308
MinimumVisualStudioVersion = 10.0.40219.1
Project("{9A19103F-16F7-4668-BE54-9A1E7A4F7556}") = "IDoContent", "IDoContent\IDoContent.csproj", "{E1646A45-C579-4785-95FE-54CD128041A9}"
EndProject
Global
	GlobalSection(SolutionConfigurationPlatforms) = preSolution
		Debug|Any CPU = Debug|Any CPU
		Release|Any CPU = Release|Any CPU
	EndGlobalSection
	GlobalSection(ProjectConfigurationPlatforms) = postSolution
		{E1646A45-C579-4785-95FE-54CD128041A9}.Debug|Any CPU.ActiveCfg = Debug|Any CPU
		{E1646A45-C579-4785-95FE-54CD128041A9}.Debug|Any CPU.Build.0 = Debug|Any CPU
		{E1646A45-C579-4785-95FE-54CD128041A9}.Release|Any CPU.ActiveCfg = Release|Any CPU
		{E1646A45-C579-4785-95FE-54CD128041A9}.Release|Any CPU.Build.0 = Release|Any CPU
	EndGlobalSection
	GlobalSection(SolutionProperties) = preSolution
		HideSolutionNode = FALSE
	EndGlobalSection
	GlobalSection(ExtensibilityGlobals) = postSolution
		SolutionGuid = {41C10F88-CE63-4130-91E3-7D720BD1EA97}
	EndGlobalSection
EndGlobal
